{
  "R": {
    "Version": "4.0.4",
    "Repositories": [
      {
        "Name": "REPO_NAME",
        "URL": "https://packagemanager.rstudio.com/all/latest"
      }
    ]
  },
  "Bioconductor": {
    "Version": "3.12"
  },
  "Python": {
    "Version": "3.8.8",
    "Type": "virtualenv"
  },
  "Packages": {
    "BH": {
      "Package": "BH",
      "Version": "1.75.0-0",
      "Source": "Repository",
      "Repository": "RSPM",
      "Hash": "e4c04affc2cac20c8fec18385cd14691"
    },
    "Biobase": {
      "Package": "Biobase",
      "Version": "2.50.0",
      "Source": "Bioconductor",
      "Hash": "f49586e579b712b7e55253aba0c9bc21"
    },
    "BiocGenerics": {
      "Package": "BiocGenerics",
      "Version": "0.36.1",
      "Source": "Bioconductor",
      "Hash": "f628c51eadc74ffd838b801cd22d589a"
    },
    "BiocManager": {
      "Package": "BiocManager",
      "Version": "1.30.16",
      "Source": "Repository",
      "Repository": "RSPM",
      "Hash": "2fdca0877debdd4668190832cdee4c31"
    },
    "BiocNeighbors": {
      "Package": "BiocNeighbors",
      "Version": "1.8.2",
      "Source": "Bioconductor",
      "Hash": "8a3634be325ede4f00afa7587eac479a"
    },
    "BiocParallel": {
      "Package": "BiocParallel",
      "Version": "1.24.1",
      "Source": "Bioconductor",
      "Hash": "338a72852f019b3b51ae87dc82391eb3"
    },
    "BiocSingular": {
      "Package": "BiocSingular",
      "Version": "1.6.0",
      "Source": "Bioconductor",
      "Hash": "b7d1aa70f71252a7f9d3a927d43846cd"
    },
    "BiocVersion": {
      "Package": "BiocVersion",
      "Version": "3.12.0",
      "Source": "Bioconductor",
      "Hash": "ee4d027afb8f52fec1f46b9f0a8660e9"
    },
    "DBI": {
      "Package": "DBI",
      "Version": "1.1.1",
      "Source": "Repository",
      "Repository": "RSPM",
      "Hash": "030aaec5bc6553f35347cbb1e70b1a17"
    },
    "DelayedArray": {
      "Package": "DelayedArray",
      "Version": "0.16.3",
      "Source": "Bioconductor",
      "Hash": "a87d32010153cba996c97fe2a52403e6"
    },
    "DelayedMatrixStats": {
      "Package": "DelayedMatrixStats",
      "Version": "1.12.3",
      "Source": "Bioconductor",
      "Hash": "1a9c016231c53483de05bec235ff8bfd"
    },
    "FNN": {
      "Package": "FNN",
      "Version": "1.1.3",
      "Source": "Repository",
      "Repository": "RSPM",
      "Hash": "b56998fff55e4a4b4860ad6e8c67e0f9"
    },
    "GenomeInfoDb": {
      "Package": "GenomeInfoDb",
      "Version": "1.26.7",
      "Source": "Bioconductor",
      "Hash": "b8b4dfceea20ddae8893aa4ccb242dea"
    },
    "GenomeInfoDbData": {
      "Package": "GenomeInfoDbData",
      "Version": "1.2.4",
      "Source": "Bioconductor",
      "Hash": "8e9c39ceac5f1d98d3267541853fca31"
    },
    "GenomicRanges": {
      "Package": "GenomicRanges",
      "Version": "1.42.0",
      "Source": "Bioconductor",
      "Hash": "2826edf1a5ff7d6ce991ec5ed918ec5f"
    },
    "HDF5Array": {
      "Package": "HDF5Array",
      "Version": "1.18.1",
      "Source": "Bioconductor",
      "Hash": "07fd74c160b1265137c0cdd815dc42b5"
    },
    "IRanges": {
      "Package": "IRanges",
      "Version": "2.24.1",
      "Source": "Bioconductor",
      "Hash": "21b3bc3dfb55cb9501c5f3413b35388c"
    },
    "MASS": {
      "Package": "MASS",
      "Version": "7.3-53.1",
      "Source": "Repository",
      "Repository": "CRAN",
      "Hash": "4ef21dd0348b9abb7f8bd1d77e4cd0c3"
    },
    "MOFA2": {
      "Package": "MOFA2",
      "Version": "1.3.4",
      "Source": "GitHub",
      "RemoteType": "github",
      "RemoteHost": "api.github.com",
      "RemoteRepo": "MOFA2",
      "RemoteUsername": "bioFAM",
      "RemoteRef": "HEAD",
      "RemoteSha": "2ea04fe12deef715780fbe5a4c9b347e1dc2abbe",
      "Hash": "a1b67cbc669deb4a890b12600f285837"
    },
    "MOFAdata": {
      "Package": "MOFAdata",
      "Version": "1.6.0",
      "Source": "Bioconductor",
      "Hash": "662c34f259d0fa178266c70eda6d3928"
    },
    "Matrix": {
      "Package": "Matrix",
      "Version": "1.3-2",
      "Source": "Repository",
      "Repository": "CRAN",
      "Hash": "ff280503079ad8623d3c4b1519b24ea2"
    },
    "MatrixGenerics": {
      "Package": "MatrixGenerics",
      "Version": "1.2.1",
      "Source": "Bioconductor",
      "Hash": "fbae799fc848a8599a46a3adfe8a975a"
    },
    "ProtGenerics": {
      "Package": "ProtGenerics",
      "Version": "1.22.0",
      "Source": "Bioconductor",
      "Hash": "cb8bba73ee8d16f5ffdb27e0fc7939ee"
    },
    "R6": {
      "Package": "R6",
      "Version": "2.5.0",
      "Source": "Repository",
      "Repository": "RSPM",
      "Hash": "b203113193e70978a696b2809525649d"
    },
    "RColorBrewer": {
      "Package": "RColorBrewer",
      "Version": "1.1-2",
      "Source": "Repository",
      "Repository": "RSPM",
      "Hash": "e031418365a7f7a766181ab5a41a5716"
    },
    "RCurl": {
      "Package": "RCurl",
      "Version": "1.98-1.3",
      "Source": "Repository",
      "Repository": "RSPM",
      "Hash": "ddac9abbfba243f9aeab9b5680b968d3"
    },
    "RSpectra": {
      "Package": "RSpectra",
      "Version": "0.16-0",
      "Source": "Repository",
      "Repository": "RSPM",
      "Hash": "a41329d24d5a98eaed2bd0159adb1b5f"
    },
    "Rcpp": {
      "Package": "Rcpp",
      "Version": "1.0.7",
      "Source": "Repository",
      "Repository": "RSPM",
      "Hash": "dab19adae4440ae55aa8a9d238b246bb"
    },
    "RcppAnnoy": {
      "Package": "RcppAnnoy",
      "Version": "0.0.19",
      "Source": "Repository",
      "Repository": "RSPM",
      "Hash": "5681153e3eb103725e35ac5f7ebca910"
    },
    "RcppArmadillo": {
      "Package": "RcppArmadillo",
      "Version": "0.10.6.0.0",
      "Source": "Repository",
      "Repository": "RSPM",
      "Hash": "d34bcef6e2df81ab2d44c7fbe8b4d3f0"
    },
    "RcppEigen": {
      "Package": "RcppEigen",
      "Version": "0.3.3.9.1",
      "Source": "Repository",
      "Repository": "RSPM",
      "Hash": "ddfa72a87fdf4c80466a20818be91d00"
    },
    "RcppHNSW": {
      "Package": "RcppHNSW",
      "Version": "0.3.0",
      "Source": "Repository",
      "Repository": "RSPM",
      "Hash": "ce584c040a9cfa786ffb41f938f5ed19"
    },
    "RcppProgress": {
      "Package": "RcppProgress",
      "Version": "0.4.2",
      "Source": "Repository",
      "Repository": "RSPM",
      "Hash": "1c0aa18b97e6aaa17f93b8b866c0ace5"
    },
    "ResidualMatrix": {
      "Package": "ResidualMatrix",
      "Version": "1.0.0",
      "Source": "Bioconductor",
      "Hash": "a6359ebe8106451188623f982fb9af20"
    },
    "Rhdf5lib": {
      "Package": "Rhdf5lib",
      "Version": "1.12.1",
      "Source": "Bioconductor",
      "Hash": "7dc9be3558a910226d64a2040520dc7f"
    },
    "Rtsne": {
      "Package": "Rtsne",
      "Version": "0.15",
      "Source": "Repository",
      "Repository": "RSPM",
      "Hash": "f153432c4ca15b937ccfaa40f167c892"
    },
    "S4Vectors": {
      "Package": "S4Vectors",
      "Version": "0.28.1",
      "Source": "Bioconductor",
      "Hash": "f558c55a285751bd72af11d2bb853521"
    },
    "SingleCellExperiment": {
      "Package": "SingleCellExperiment",
      "Version": "1.12.0",
      "Source": "Bioconductor",
      "Hash": "40badd4c5dcff81480c77a17b3b811bb"
    },
    "SummarizedExperiment": {
      "Package": "SummarizedExperiment",
      "Version": "1.20.0",
      "Source": "Bioconductor",
      "Hash": "2da24c5f66521d18cff602d324834b20"
    },
    "XVector": {
      "Package": "XVector",
      "Version": "0.30.0",
      "Source": "Bioconductor",
      "Hash": "9bd9f991fb4ecde6adeff2fa2e401cc5"
    },
    "aricode": {
      "Package": "aricode",
      "Version": "1.0.0",
      "Source": "Repository",
      "Repository": "RSPM",
      "Hash": "af5eb4f78fca4d4d29860cc9a44f38b8"
    },
    "askpass": {
      "Package": "askpass",
      "Version": "1.1",
      "Source": "Repository",
      "Repository": "RSPM",
      "Hash": "e8a22846fff485f0be3770c2da758713"
    },
    "assertthat": {
      "Package": "assertthat",
      "Version": "0.2.1",
      "Source": "Repository",
      "Repository": "RSPM",
      "Hash": "50c838a310445e954bc13f26f26a6ecf"
    },
    "backports": {
      "Package": "backports",
      "Version": "1.2.1",
      "Source": "Repository",
      "Repository": "RSPM",
      "Hash": "644043219fc24e190c2f620c1a380a69"
    },
    "base64enc": {
      "Package": "base64enc",
      "Version": "0.1-3",
      "Source": "Repository",
      "Repository": "RSPM",
      "Hash": "543776ae6848fde2f48ff3816d0628bc"
    },
    "basilisk": {
      "Package": "basilisk",
      "Version": "1.2.1",
      "Source": "Bioconductor",
      "Hash": "1ca5769e9a9912be016efb00b997985a"
    },
    "basilisk.utils": {
      "Package": "basilisk.utils",
      "Version": "1.2.2",
      "Source": "Bioconductor",
      "Hash": "cd42581c8a9994e9118d2c40c5fd6d39"
    },
    "batchelor": {
      "Package": "batchelor",
      "Version": "1.6.3",
      "Source": "Bioconductor",
      "Hash": "0c3bf79f82d71c38d2fc14d89a1be249"
    },
    "beachmat": {
      "Package": "beachmat",
      "Version": "2.6.4",
      "Source": "Bioconductor",
      "Hash": "8af9f5ade6bca275eb2c7cf22267032f"
    },
    "beeswarm": {
      "Package": "beeswarm",
      "Version": "0.4.0",
      "Source": "Repository",
      "Repository": "RSPM",
      "Hash": "0f4e9d8caa6feaa7e409ae6c30f2ca66"
    },
    "bit": {
      "Package": "bit",
      "Version": "4.0.4",
      "Source": "Repository",
      "Repository": "RSPM",
      "Hash": "f36715f14d94678eea9933af927bc15d"
    },
    "bit64": {
      "Package": "bit64",
      "Version": "4.0.5",
      "Source": "Repository",
      "Repository": "RSPM",
      "Hash": "9fe98599ca456d6552421db0d6772d8f"
    },
    "bitops": {
      "Package": "bitops",
      "Version": "1.0-7",
      "Source": "Repository",
      "Repository": "RSPM",
      "Hash": "b7d8d8ee39869c18d8846a184dd8a1af"
    },
    "blob": {
      "Package": "blob",
      "Version": "1.2.2",
      "Source": "Repository",
      "Repository": "RSPM",
      "Hash": "dc5f7a6598bb025d20d66bb758f12879"
    },
    "bluster": {
      "Package": "bluster",
      "Version": "1.0.0",
      "Source": "Bioconductor",
      "Hash": "e8f8b977ef40b50bdc3910453f9b48fd"
    },
    "broom": {
      "Package": "broom",
      "Version": "0.7.9",
      "Source": "Repository",
      "Repository": "RSPM",
      "Hash": "9b1e2c1f75b349e3ffa7e9c69eec0c52"
    },
    "cachem": {
      "Package": "cachem",
      "Version": "1.0.5",
      "Source": "Repository",
      "Repository": "RSPM",
      "Hash": "5346f76a33eb7417812c270b04a5581b"
    },
    "callr": {
      "Package": "callr",
      "Version": "3.7.0",
      "Source": "Repository",
      "Repository": "RSPM",
      "Hash": "461aa75a11ce2400245190ef5d3995df"
    },
    "cellranger": {
      "Package": "cellranger",
      "Version": "1.1.0",
      "Source": "Repository",
      "Repository": "RSPM",
      "Hash": "f61dbaec772ccd2e17705c1e872e9e7c"
    },
    "cli": {
      "Package": "cli",
      "Version": "3.0.1",
      "Source": "Repository",
      "Repository": "RSPM",
      "Hash": "e3ae5d68dea0c55a12ea12a9fda02e61"
    },
    "clipr": {
      "Package": "clipr",
      "Version": "0.7.1",
      "Source": "Repository",
      "Repository": "RSPM",
      "Hash": "ebaa97ac99cc2daf04e77eecc7b781d7"
    },
    "colorspace": {
      "Package": "colorspace",
      "Version": "2.0-2",
      "Source": "Repository",
      "Repository": "RSPM",
      "Hash": "6baccb763ee83c0bd313460fdb8b8a84"
    },
    "corrplot": {
      "Package": "corrplot",
      "Version": "0.90",
      "Source": "Repository",
      "Repository": "RSPM",
      "Hash": "0514bd6a3e99a2a17145c97c1cfebb09"
    },
    "cowplot": {
      "Package": "cowplot",
      "Version": "1.1.1",
      "Source": "Repository",
      "Repository": "RSPM",
      "Hash": "b418e8423699d11c7f2087c2bfd07da2"
    },
    "cpp11": {
      "Package": "cpp11",
      "Version": "0.3.1",
      "Source": "Repository",
      "Repository": "RSPM",
      "Hash": "e02edab2bc389c5e4b12949b13df44f2"
    },
    "crayon": {
      "Package": "crayon",
      "Version": "1.4.1",
      "Source": "Repository",
      "Repository": "RSPM",
      "Hash": "e75525c55c70e5f4f78c9960a4b402e9"
    },
    "curl": {
      "Package": "curl",
      "Version": "4.3.2",
      "Source": "Repository",
      "Repository": "RSPM",
      "Hash": "022c42d49c28e95d69ca60446dbabf88"
    },
    "data.table": {
      "Package": "data.table",
      "Version": "1.14.0",
      "Source": "Repository",
      "Repository": "RSPM",
      "Hash": "d1b8b1a821ee564a3515fa6c6d5c52dc"
    },
    "dbplyr": {
      "Package": "dbplyr",
      "Version": "2.1.1",
      "Source": "Repository",
      "Repository": "RSPM",
      "Hash": "1f37fa4ab2f5f7eded42f78b9a887182"
    },
    "digest": {
      "Package": "digest",
      "Version": "0.6.27",
      "Source": "Repository",
      "Repository": "RSPM",
      "Hash": "a0cbe758a531d054b537d16dff4d58a1"
    },
    "dplyr": {
      "Package": "dplyr",
      "Version": "1.0.7",
      "Source": "Repository",
      "Repository": "RSPM",
      "Hash": "36f1ae62f026c8ba9f9b5c9a08c03297"
    },
    "dqrng": {
      "Package": "dqrng",
      "Version": "0.3.0",
      "Source": "Repository",
      "Repository": "RSPM",
      "Hash": "3ce2af5ead3b01c518fd453c7fe5a51a"
    },
    "dtplyr": {
      "Package": "dtplyr",
      "Version": "1.1.0",
      "Source": "Repository",
      "Repository": "RSPM",
      "Hash": "1e14e4c5b2814de5225312394bc316da"
    },
    "edgeR": {
      "Package": "edgeR",
      "Version": "3.32.1",
      "Source": "Bioconductor",
      "Hash": "9728a55a7f19cfab9c54d84b4e59f143"
    },
    "ellipsis": {
      "Package": "ellipsis",
      "Version": "0.3.2",
      "Source": "Repository",
      "Repository": "RSPM",
      "Hash": "bb0eec2fe32e88d9e2836c2f73ea2077"
    },
    "evaluate": {
      "Package": "evaluate",
      "Version": "0.14",
      "Source": "Repository",
      "Repository": "RSPM",
      "Hash": "ec8ca05cffcc70569eaaad8469d2a3a7"
    },
    "fansi": {
      "Package": "fansi",
      "Version": "0.5.0",
      "Source": "Repository",
      "Repository": "RSPM",
      "Hash": "d447b40982c576a72b779f0a3b3da227"
    },
    "farver": {
      "Package": "farver",
      "Version": "2.1.0",
      "Source": "Repository",
      "Repository": "RSPM",
      "Hash": "c98eb5133d9cb9e1622b8691487f11bb"
    },
    "fastmap": {
      "Package": "fastmap",
      "Version": "1.1.0",
      "Source": "Repository",
      "Repository": "RSPM",
      "Hash": "77bd60a6157420d4ffa93b27cf6a58b8"
    },
    "filelock": {
      "Package": "filelock",
      "Version": "1.0.2",
      "Source": "Repository",
      "Repository": "RSPM",
      "Hash": "38ec653c2613bed60052ba3787bd8a2c"
    },
    "forcats": {
      "Package": "forcats",
      "Version": "0.5.1",
      "Source": "Repository",
      "Repository": "RSPM",
      "Hash": "81c3244cab67468aac4c60550832655d"
    },
    "formatR": {
      "Package": "formatR",
      "Version": "1.11",
      "Source": "Repository",
      "Repository": "RSPM",
      "Hash": "2590a6a868515a69f258640a51b724c9"
    },
    "fs": {
      "Package": "fs",
      "Version": "1.5.0",
      "Source": "Repository",
      "Repository": "RSPM",
      "Hash": "44594a07a42e5f91fac9f93fda6d0109"
    },
    "futile.logger": {
      "Package": "futile.logger",
      "Version": "1.4.3",
      "Source": "Repository",
      "Repository": "RSPM",
      "Hash": "99f0ace8c05ec7d3683d27083c4f1e7e"
    },
    "futile.options": {
      "Package": "futile.options",
      "Version": "1.0.1",
      "Source": "Repository",
      "Repository": "RSPM",
      "Hash": "0d9bf02413ddc2bbe8da9ce369dcdd2b"
    },
    "gargle": {
      "Package": "gargle",
      "Version": "1.2.0",
      "Source": "Repository",
      "Repository": "RSPM",
      "Hash": "9d234e6a87a6f8181792de6dc4a00e39"
    },
    "generics": {
      "Package": "generics",
      "Version": "0.1.0",
      "Source": "Repository",
      "Repository": "RSPM",
      "Hash": "4d243a9c10b00589889fe32314ffd902"
    },
    "ggbeeswarm": {
      "Package": "ggbeeswarm",
      "Version": "0.6.0",
      "Source": "Repository",
      "Repository": "RSPM",
      "Hash": "dd68b9b215b2d3119603549a794003c3"
    },
    "ggforce": {
      "Package": "ggforce",
      "Version": "0.3.3",
      "Source": "Repository",
      "Repository": "RSPM",
      "Hash": "4c64a588b497f8c088e1d308ddd40bc6"
    },
    "ggplot2": {
      "Package": "ggplot2",
      "Version": "3.3.5",
      "Source": "Repository",
      "Repository": "RSPM",
      "Hash": "d7566c471c7b17e095dd023b9ef155ad"
    },
    "ggraph": {
      "Package": "ggraph",
      "Version": "2.0.5",
      "Source": "Repository",
      "Repository": "RSPM",
      "Hash": "bb52a023e912142b8970ba883dd3b706"
    },
    "ggrepel": {
      "Package": "ggrepel",
      "Version": "0.9.1",
      "Source": "Repository",
      "Repository": "RSPM",
      "Hash": "08ab869f37e6a7741a64ab9069bcb67d"
    },
    "glue": {
      "Package": "glue",
      "Version": "1.4.2",
      "Source": "Repository",
      "Repository": "RSPM",
      "Hash": "6efd734b14c6471cfe443345f3e35e29"
    },
    "googledrive": {
      "Package": "googledrive",
      "Version": "2.0.0",
      "Source": "Repository",
      "Repository": "RSPM",
      "Hash": "c3a25adbbfbb03f12e6f88c5fb1f3024"
    },
    "googlesheets4": {
      "Package": "googlesheets4",
      "Version": "1.0.0",
      "Source": "Repository",
      "Repository": "RSPM",
      "Hash": "9a6564184dc4a81daea4f1d7ce357c6a"
    },
    "graphlayouts": {
      "Package": "graphlayouts",
      "Version": "0.7.1",
      "Source": "Repository",
      "Repository": "RSPM",
      "Hash": "2a0d18b9395cd27066d209b83bb29ea6"
    },
    "gridExtra": {
      "Package": "gridExtra",
      "Version": "2.3",
      "Source": "Repository",
      "Repository": "RSPM",
      "Hash": "7d7f283939f563670a697165b2cf5560"
    },
    "gtable": {
      "Package": "gtable",
      "Version": "0.3.0",
      "Source": "Repository",
      "Repository": "RSPM",
      "Hash": "ac5c6baf7822ce8732b343f14c072c4d"
    },
    "haven": {
      "Package": "haven",
      "Version": "2.4.3",
      "Source": "Repository",
      "Repository": "RSPM",
      "Hash": "10bec8a8264f3eb59531e8c4c0303f96"
    },
    "highr": {
      "Package": "highr",
      "Version": "0.9",
      "Source": "Repository",
      "Repository": "RSPM",
      "Hash": "8eb36c8125038e648e5d111c0d7b2ed4"
    },
    "hms": {
      "Package": "hms",
      "Version": "1.1.0",
      "Source": "Repository",
      "Repository": "RSPM",
      "Hash": "e4bf161ccb74a2c1c0e8ac63bbe332b4"
    },
    "htmltools": {
      "Package": "htmltools",
      "Version": "0.5.1.1",
      "Source": "Repository",
      "Repository": "RSPM",
      "Hash": "af2c2531e55df5cf230c4b5444fc973c"
    },
    "httr": {
      "Package": "httr",
      "Version": "1.4.2",
      "Source": "Repository",
      "Repository": "RSPM",
      "Hash": "a525aba14184fec243f9eaec62fbed43"
    },
    "ids": {
      "Package": "ids",
      "Version": "1.0.1",
      "Source": "Repository",
      "Repository": "RSPM",
      "Hash": "99df65cfef20e525ed38c3d2577f7190"
    },
    "igraph": {
      "Package": "igraph",
      "Version": "1.2.6",
      "Source": "Repository",
      "Repository": "RSPM",
      "Hash": "7b1f856410253d56ea67ad808f7cdff6"
    },
    "irlba": {
      "Package": "irlba",
      "Version": "2.3.3",
      "Source": "Repository",
      "Repository": "RSPM",
      "Hash": "a9ad517358000d57022401ef18ee657a"
    },
    "isoband": {
      "Package": "isoband",
      "Version": "0.2.5",
      "Source": "Repository",
      "Repository": "RSPM",
      "Hash": "7ab57a6de7f48a8dc84910d1eca42883"
    },
    "jsonlite": {
      "Package": "jsonlite",
      "Version": "1.7.2",
      "Source": "Repository",
      "Repository": "CRAN",
      "Hash": "98138e0994d41508c7a6b84a0600cfcb"
    },
    "knitr": {
      "Package": "knitr",
      "Version": "1.33",
      "Source": "Repository",
      "Repository": "RSPM",
      "Hash": "0bc1b5da1b0eb07cd4b727e95e9ff0b8"
    },
    "labeling": {
      "Package": "labeling",
      "Version": "0.4.2",
      "Source": "Repository",
      "Repository": "RSPM",
      "Hash": "3d5108641f47470611a32d0bdf357a72"
    },
    "lambda.r": {
      "Package": "lambda.r",
      "Version": "1.2.4",
      "Source": "Repository",
      "Repository": "RSPM",
      "Hash": "b1e925c4b9ffeb901bacf812cbe9a6ad"
    },
    "lattice": {
      "Package": "lattice",
      "Version": "0.20-41",
      "Source": "Repository",
      "Repository": "CRAN",
      "Hash": "fbd9285028b0263d76d18c95ae51a53d"
    },
    "lifecycle": {
      "Package": "lifecycle",
      "Version": "1.0.0",
      "Source": "Repository",
      "Repository": "RSPM",
      "Hash": "3471fb65971f1a7b2d4ae7848cf2db8d"
    },
    "limma": {
      "Package": "limma",
      "Version": "3.46.0",
      "Source": "Bioconductor",
      "Hash": "78b860aa595c42e02464243a213b3e6d"
    },
    "locfit": {
      "Package": "locfit",
      "Version": "1.5-9.4",
      "Source": "Repository",
      "Repository": "RSPM",
      "Hash": "760b5b542e8435237d1b3c253bfe18e7"
    },
    "lubridate": {
      "Package": "lubridate",
      "Version": "1.7.10",
      "Source": "Repository",
      "Repository": "RSPM",
      "Hash": "1ebfdc8a3cfe8fe19184f5481972b092"
    },
    "magrittr": {
      "Package": "magrittr",
      "Version": "2.0.1",
      "Source": "Repository",
      "Repository": "RSPM",
      "Hash": "41287f1ac7d28a92f0a286ed507928d3"
    },
    "markdown": {
      "Package": "markdown",
      "Version": "1.1",
      "Source": "Repository",
      "Repository": "RSPM",
      "Hash": "61e4a10781dd00d7d81dd06ca9b94e95"
    },
    "matrixStats": {
      "Package": "matrixStats",
      "Version": "0.60.0",
      "Source": "Repository",
      "Repository": "RSPM",
      "Hash": "915f59111573046dc425410b435ab5ed"
    },
    "memoise": {
      "Package": "memoise",
      "Version": "2.0.0",
      "Source": "Repository",
      "Repository": "RSPM",
      "Hash": "a0bc51650201a56d00a4798523cc91b3"
    },
    "mgcv": {
      "Package": "mgcv",
      "Version": "1.8-34",
      "Source": "Repository",
      "Repository": "CRAN",
      "Hash": "bd4a6c4b600f58651d60d381b0e9a397"
    },
    "mime": {
      "Package": "mime",
      "Version": "0.11",
      "Source": "Repository",
      "Repository": "RSPM",
      "Hash": "8974a907200fc9948d636fe7d85ca9fb"
    },
    "modelr": {
      "Package": "modelr",
      "Version": "0.1.8",
      "Source": "Repository",
      "Repository": "RSPM",
      "Hash": "9fd59716311ee82cba83dc2826fc5577"
    },
    "munsell": {
      "Package": "munsell",
      "Version": "0.5.0",
      "Source": "Repository",
      "Repository": "RSPM",
      "Hash": "6dfe8bf774944bd5595785e3229d8771"
    },
    "nlme": {
      "Package": "nlme",
      "Version": "3.1-152",
      "Source": "Repository",
      "Repository": "CRAN",
      "Hash": "35de1ce639f20b5e10f7f46260730c65"
    },
    "openssl": {
      "Package": "openssl",
      "Version": "1.4.4",
      "Source": "Repository",
      "Repository": "RSPM",
      "Hash": "f4dbc5a47fd93d3415249884d31d6791"
    },
    "patchwork": {
      "Package": "patchwork",
      "Version": "1.1.1",
      "Source": "Repository",
      "Repository": "RSPM",
      "Hash": "c446b30cb33ec125ff02588b60660ccb"
    },
    "pheatmap": {
      "Package": "pheatmap",
      "Version": "1.0.12",
      "Source": "Repository",
      "Repository": "RSPM",
      "Hash": "db1fb0021811b6693741325bbe916e58"
    },
    "pillar": {
      "Package": "pillar",
      "Version": "1.6.2",
      "Source": "Repository",
      "Repository": "RSPM",
      "Hash": "43f228eb4b49093d1c8a5c93cae9efe9"
    },
    "pkgconfig": {
      "Package": "pkgconfig",
      "Version": "2.0.3",
      "Source": "Repository",
      "Repository": "RSPM",
      "Hash": "01f28d4278f15c76cddbea05899c5d6f"
    },
    "plyr": {
      "Package": "plyr",
      "Version": "1.8.6",
      "Source": "Repository",
      "Repository": "RSPM",
      "Hash": "ec0e5ab4e5f851f6ef32cd1d1984957f"
    },
    "png": {
      "Package": "png",
      "Version": "0.1-7",
      "Source": "Repository",
      "Repository": "CRAN",
      "Hash": "03b7076c234cb3331288919983326c55"
    },
    "polyclip": {
      "Package": "polyclip",
      "Version": "1.10-0",
      "Source": "Repository",
      "Repository": "RSPM",
      "Hash": "cb167f328b3ada4ec5cf67a7df4c900a"
    },
    "prettyunits": {
      "Package": "prettyunits",
      "Version": "1.1.1",
      "Source": "Repository",
      "Repository": "RSPM",
      "Hash": "95ef9167b75dde9d2ccc3c7528393e7e"
    },
    "processx": {
      "Package": "processx",
      "Version": "3.5.2",
      "Source": "Repository",
      "Repository": "RSPM",
      "Hash": "0cbca2bc4d16525d009c4dbba156b37c"
    },
    "progress": {
      "Package": "progress",
      "Version": "1.2.2",
      "Source": "Repository",
      "Repository": "RSPM",
      "Hash": "14dc9f7a3c91ebb14ec5bb9208a07061"
    },
    "ps": {
      "Package": "ps",
      "Version": "1.6.0",
      "Source": "Repository",
      "Repository": "RSPM",
      "Hash": "32620e2001c1dce1af49c49dccbb9420"
    },
    "purrr": {
      "Package": "purrr",
      "Version": "0.3.4",
      "Source": "Repository",
      "Repository": "RSPM",
      "Hash": "97def703420c8ab10d8f0e6c72101e02"
    },
    "rappdirs": {
      "Package": "rappdirs",
      "Version": "0.3.3",
      "Source": "Repository",
      "Repository": "RSPM",
      "Hash": "5e3c5dc0b071b21fa128676560dbe94d"
    },
    "readr": {
      "Package": "readr",
      "Version": "2.0.0",
      "Source": "Repository",
      "Repository": "RSPM",
      "Hash": "849038f0839134ab35e719a9820005a6"
    },
    "readxl": {
      "Package": "readxl",
      "Version": "1.3.1",
      "Source": "Repository",
      "Repository": "RSPM",
      "Hash": "63537c483c2dbec8d9e3183b3735254a"
    },
    "rematch": {
      "Package": "rematch",
      "Version": "1.0.1",
      "Source": "Repository",
      "Repository": "RSPM",
      "Hash": "c66b930d20bb6d858cd18e1cebcfae5c"
    },
    "rematch2": {
      "Package": "rematch2",
      "Version": "2.1.2",
      "Source": "Repository",
      "Repository": "RSPM",
      "Hash": "76c9e04c712a05848ae7a23d2f170a40"
    },
    "renv": {
      "Package": "renv",
      "Version": "0.12.5",
      "Source": "Repository",
      "Repository": "CRAN",
      "Hash": "5c0cdb37f063c58cdab3c7e9fbb8bd2c"
    },
    "reprex": {
      "Package": "reprex",
      "Version": "2.0.1",
      "Source": "Repository",
      "Repository": "RSPM",
      "Hash": "911d101becedc0fde495bd910984bdc8"
    },
    "reshape2": {
      "Package": "reshape2",
      "Version": "1.4.4",
      "Source": "Repository",
      "Repository": "RSPM",
      "Hash": "bb5996d0bd962d214a11140d77589917"
    },
    "reticulate": {
      "Package": "reticulate",
      "Version": "1.20",
      "Source": "Repository",
      "Repository": "RSPM",
      "Hash": "30ab0ea8c8d3dd16a3fa06903449bbfb"
    },
    "rhdf5": {
      "Package": "rhdf5",
      "Version": "2.34.0",
      "Source": "Bioconductor",
      "Hash": "bf25b880f72c8b6dcbd8719b5ac9113b"
    },
    "rhdf5filters": {
      "Package": "rhdf5filters",
      "Version": "1.2.1",
      "Source": "Bioconductor",
      "Hash": "4e9258b05bbcbc1093eda53aa8051264"
    },
    "rlang": {
      "Package": "rlang",
      "Version": "0.4.11",
      "Source": "Repository",
      "Repository": "RSPM",
      "Hash": "515f341d3affe0de9e4a7f762efb0456"
    },
    "rmarkdown": {
      "Package": "rmarkdown",
      "Version": "2.10",
      "Source": "Repository",
      "Repository": "RSPM",
      "Hash": "1fb097f233ee98968f8e5d0bcd42df6d"
    },
    "rstudioapi": {
      "Package": "rstudioapi",
      "Version": "0.13",
      "Source": "Repository",
      "Repository": "RSPM",
      "Hash": "06c85365a03fdaf699966cc1d3cf53ea"
    },
    "rsvd": {
      "Package": "rsvd",
      "Version": "1.0.5",
      "Source": "Repository",
      "Repository": "RSPM",
      "Hash": "b462187d887abc519894874486dbd6fd"
    },
    "rvest": {
      "Package": "rvest",
      "Version": "1.0.1",
      "Source": "Repository",
      "Repository": "RSPM",
      "Hash": "1db38d6f40e3e09527797ca4226a1b5b"
    },
    "scales": {
      "Package": "scales",
      "Version": "1.1.1",
      "Source": "Repository",
      "Repository": "RSPM",
      "Hash": "6f76f71042411426ec8df6c54f34e6dd"
    },
    "scater": {
      "Package": "scater",
      "Version": "1.18.6",
      "Source": "Bioconductor",
      "Hash": "522082c4db93621132cbafb1a37b6df4"
    },
    "scran": {
      "Package": "scran",
      "Version": "1.18.7",
      "Source": "Bioconductor",
      "Hash": "c327f8414fc0937c89b928174cabe46c"
    },
    "scuttle": {
      "Package": "scuttle",
      "Version": "1.0.4",
      "Source": "Bioconductor",
      "Hash": "82d75cd0746bda36735f10a0087e171c"
    },
    "selectr": {
      "Package": "selectr",
      "Version": "0.4-2",
      "Source": "Repository",
      "Repository": "RSPM",
      "Hash": "3838071b66e0c566d55cc26bd6e27bf4"
    },
    "sitmo": {
      "Package": "sitmo",
      "Version": "2.0.1",
      "Source": "Repository",
      "Repository": "RSPM",
      "Hash": "0f9ba299f2385e686745b066c6d7a7c4"
    },
    "snow": {
      "Package": "snow",
      "Version": "0.4-3",
      "Source": "Repository",
      "Repository": "RSPM",
      "Hash": "11b822ad6214111a4188d5e5fd1b144c"
    },
    "sparseMatrixStats": {
      "Package": "sparseMatrixStats",
      "Version": "1.2.1",
      "Source": "Bioconductor",
      "Hash": "1841edbaa151c369bd671a1b61bad097"
    },
    "statmod": {
      "Package": "statmod",
      "Version": "1.4.36",
      "Source": "Repository",
      "Repository": "RSPM",
      "Hash": "67924522fc37b515396de7d9e2408cc2"
    },
    "stringi": {
      "Package": "stringi",
      "Version": "1.7.3",
      "Source": "Repository",
      "Repository": "RSPM",
      "Hash": "7943cfae120c77a255025e5f63856532"
    },
    "stringr": {
      "Package": "stringr",
      "Version": "1.4.0",
      "Source": "Repository",
      "Repository": "RSPM",
      "Hash": "0759e6b6c0957edb1311028a49a35e76"
    },
    "sys": {
      "Package": "sys",
      "Version": "3.4",
      "Source": "Repository",
      "Repository": "RSPM",
      "Hash": "b227d13e29222b4574486cfcbde077fa"
    },
    "tibble": {
      "Package": "tibble",
      "Version": "3.1.3",
      "Source": "Repository",
      "Repository": "RSPM",
      "Hash": "038455513fde65e79c25e724e0c84ca2"
    },
    "tidygraph": {
      "Package": "tidygraph",
      "Version": "1.2.0",
      "Source": "Repository",
      "Repository": "RSPM",
      "Hash": "5375980d0787633ca62c265b28bedb41"
    },
    "tidyr": {
      "Package": "tidyr",
      "Version": "1.1.3",
      "Source": "Repository",
      "Repository": "RSPM",
      "Hash": "450d7dfaedde58e28586b854eeece4fa"
    },
    "tidyselect": {
      "Package": "tidyselect",
      "Version": "1.1.1",
      "Source": "Repository",
      "Repository": "RSPM",
      "Hash": "7243004a708d06d4716717fa1ff5b2fe"
    },
    "tidyverse": {
      "Package": "tidyverse",
      "Version": "1.3.1",
      "Source": "Repository",
      "Repository": "RSPM",
      "Hash": "fc4c72b6ae9bb283416bd59a3303bbab"
    },
    "tinytex": {
      "Package": "tinytex",
      "Version": "0.33",
      "Source": "Repository",
      "Repository": "RSPM",
      "Hash": "6e0ad90ac5669e35d5456cb61b295acb"
    },
    "tweenr": {
      "Package": "tweenr",
      "Version": "1.0.2",
      "Source": "Repository",
      "Repository": "RSPM",
      "Hash": "6cc663f970a529dbf776f11d5bcd1a2e"
    },
    "tzdb": {
      "Package": "tzdb",
      "Version": "0.1.2",
      "Source": "Repository",
      "Repository": "RSPM",
      "Hash": "fb2b801053decce71295bb8cb04d438b"
    },
    "utf8": {
      "Package": "utf8",
      "Version": "1.2.2",
      "Source": "Repository",
      "Repository": "RSPM",
      "Hash": "c9c462b759a5cc844ae25b5942654d13"
    },
    "uuid": {
      "Package": "uuid",
      "Version": "0.1-4",
      "Source": "Repository",
      "Repository": "RSPM",
      "Hash": "e4169eb989a5d03ccb6b628cad1b1b50"
    },
    "uwot": {
      "Package": "uwot",
      "Version": "0.1.10",
      "Source": "Repository",
      "Repository": "RSPM",
      "Hash": "a9737c75f5f949695617b05e78281b2f"
    },
    "vctrs": {
      "Package": "vctrs",
      "Version": "0.3.8",
      "Source": "Repository",
      "Repository": "RSPM",
      "Hash": "ecf749a1b39ea72bd9b51b76292261f1"
    },
    "vipor": {
      "Package": "vipor",
      "Version": "0.4.5",
      "Source": "Repository",
      "Repository": "RSPM",
      "Hash": "ea85683da7f2bfa63a98dc6416892591"
    },
    "viridis": {
      "Package": "viridis",
      "Version": "0.6.1",
      "Source": "Repository",
      "Repository": "RSPM",
      "Hash": "424d1285b7372d39806abb19467e4df4"
    },
    "viridisLite": {
      "Package": "viridisLite",
      "Version": "0.4.0",
      "Source": "Repository",
      "Repository": "RSPM",
      "Hash": "55e157e2aa88161bdb0754218470d204"
    },
    "vroom": {
      "Package": "vroom",
      "Version": "1.5.4",
      "Source": "Repository",
      "Repository": "RSPM",
      "Hash": "1a23013f39e67bb57cbda6f4ddde5470"
    },
    "withr": {
      "Package": "withr",
      "Version": "2.4.2",
      "Source": "Repository",
      "Repository": "RSPM",
      "Hash": "ad03909b44677f930fa156d47d7a3aeb"
    },
    "xfun": {
      "Package": "xfun",
      "Version": "0.25",
      "Source": "Repository",
      "Repository": "RSPM",
      "Hash": "853d45ffff0a9af1e0af017cd359f75e"
    },
    "xml2": {
      "Package": "xml2",
      "Version": "1.3.2",
      "Source": "Repository",
      "Repository": "RSPM",
      "Hash": "d4d71a75dd3ea9eb5fa28cc21f9585e2"
    },
    "yaml": {
      "Package": "yaml",
      "Version": "2.2.1",
      "Source": "Repository",
      "Repository": "RSPM",
      "Hash": "2826c5d9efb0a88f657c7a679c7106db"
    },
    "zlibbioc": {
      "Package": "zlibbioc",
      "Version": "1.36.0",
      "Source": "Bioconductor",
      "Hash": "effcbe90f6986ca6f81ce4d67db7238b"
    }
  }
}
